# generated by rye
# use `rye lock` or `rye sync` to update this lockfile
#
# last locked with the following flags:
#   pre: false
#   features: []
#   all-features: false
#   with-sources: false
#   generate-hashes: false
#   universal: false

-e file:.
charset-normalizer==3.4.1
    # via niquests
h11==0.14.0
    # via urllib3-future
jh2==5.0.8
    # via urllib3-future
niquests==3.14.0
    # via pytailwindcss-extra
platformdirs==4.3.7
    # via pytailwindcss-extra
qh3==1.4.4
    # via urllib3-future
tqdm==4.67.1
    # via pytailwindcss-extra
urllib3-future==2.12.917
    # via niquests
wassima==1.2.2
    # via niquests
